
Microsoft Visual Studio Solution File, Format Version 12.00
# Visual Studio 15
VisualStudioVersion = 15.0.28307.902
MinimumVisualStudioVersion = 10.0.40219.1
Project("{FAE04EC0-301F-11D3-BF4B-00C04F79EFBC}") = "FirstAppVS", "FirstAppVS\FirstAppVS.csproj", "{F413ADDE-C1BF-4914-A444-5094FA8E304B}"
EndProject
Global
	GlobalSection(SolutionConfigurationPlatforms) = preSolution
		Debug|Any CPU = Debug|Any CPU
		Release|Any CPU = Release|Any CPU
	EndGlobalSection
	GlobalSection(ProjectConfigurationPlatforms) = postSolution
		{F413ADDE-C1BF-4914-A444-5094FA8E304B}.Debug|Any CPU.ActiveCfg = Debug|Any CPU
		{F413ADDE-C1BF-4914-A444-5094FA8E304B}.Debug|Any CPU.Build.0 = Debug|Any CPU
		{F413ADDE-C1BF-4914-A444-5094FA8E304B}.Release|Any CPU.ActiveCfg = Release|Any CPU
		{F413ADDE-C1BF-4914-A444-5094FA8E304B}.Release|Any CPU.Build.0 = Release|Any CPU
	EndGlobalSection
	GlobalSection(SolutionProperties) = preSolution
		HideSolutionNode = FALSE
	EndGlobalSection
	GlobalSection(ExtensibilityGlobals) = postSolution
		SolutionGuid = {E2681496-7F06-4276-9FD9-BD11DE4CD3B3}
	EndGlobalSection
EndGlobal
